// !$*UTF8*$!
{
	archiveVersion = 1;
	classes = {
	};
	objectVersion = 46;
	objects = {

/* Begin PBXBuildFile section */
		8B2A89001B6E0D9800180276 /* main.m in Sources */ = {isa = PBXBuildFile; fileRef = 8B2A88FF1B6E0D9800180276 /* main.m */; };
		8B2A89081B6E0DAB00180276 /* EnemyAttacker.m in Sources */ = {isa = PBXBuildFile; fileRef = 8B2A89071B6E0DAB00180276 /* EnemyAttacker.m */; };
		8B2A890B1B6E0ED700180276 /* EnemyTank.m in Sources */ = {isa = PBXBuildFile; fileRef = 8B2A890A1B6E0ED700180276 /* EnemyTank.m */; };
		8B2A890E1B6E107B00180276 /* EnemyRobot.m in Sources */ = {isa = PBXBuildFile; fileRef = 8B2A890D1B6E107B00180276 /* EnemyRobot.m */; };
		8B2A89111B6E121C00180276 /* EnemyAttackerAdapter.m in Sources */ = {isa = PBXBuildFile; fileRef = 8B2A89101B6E121C00180276 /* EnemyAttackerAdapter.m */; };
		8B2A89141B6E12C000180276 /* PlayWithEnemy.m in Sources */ = {isa = PBXBuildFile; fileRef = 8B2A89131B6E12C000180276 /* PlayWithEnemy.m */; };
/* End PBXBuildFile section */

/* Begin PBXCopyFilesBuildPhase section */
		8B2A88FA1B6E0D9800180276 /* CopyFiles */ = {
			isa = PBXCopyFilesBuildPhase;
			buildActionMask = 2147483647;
			dstPath = /usr/share/man/man1/;
			dstSubfolderSpec = 0;
			files = (
			);
			runOnlyForDeploymentPostprocessing = 1;
		};
/* End PBXCopyFilesBuildPhase section */

/* Begin PBXFileReference section */
		8B2A88FC1B6E0D9800180276 /* Adpter */ = {isa = PBXFileReference; explicitFileType = "compiled.mach-o.executable"; includeInIndex = 0; path = Adpter; sourceTree = BUILT_PRODUCTS_DIR; };
		8B2A88FF1B6E0D9800180276 /* main.m */ = {isa = PBXFileReference; lastKnownFileType = sourcecode.c.objc; path = main.m; sourceTree = "<group>"; };
		8B2A89061B6E0DAB00180276 /* EnemyAttacker.h */ = {isa = PBXFileReference; fileEncoding = 4; lastKnownFileType = sourcecode.c.h; path = EnemyAttacker.h; sourceTree = "<group>"; };
		8B2A89071B6E0DAB00180276 /* EnemyAttacker.m */ = {isa = PBXFileReference; fileEncoding = 4; lastKnownFileType = sourcecode.c.objc; path = EnemyAttacker.m; sourceTree = "<group>"; };
		8B2A89091B6E0ED700180276 /* EnemyTank.h */ = {isa = PBXFileReference; fileEncoding = 4; lastKnownFileType = sourcecode.c.h; path = EnemyTank.h; sourceTree = "<group>"; };
		8B2A890A1B6E0ED700180276 /* EnemyTank.m */ = {isa = PBXFileReference; fileEncoding = 4; lastKnownFileType = sourcecode.c.objc; path = EnemyTank.m; sourceTree = "<group>"; };
		8B2A890C1B6E107B00180276 /* EnemyRobot.h */ = {isa = PBXFileReference; fileEncoding = 4; lastKnownFileType = sourcecode.c.h; path = EnemyRobot.h; sourceTree = "<group>"; };
		8B2A890D1B6E107B00180276 /* EnemyRobot.m */ = {isa = PBXFileReference; fileEncoding = 4; lastKnownFileType = sourcecode.c.objc; path = EnemyRobot.m; sourceTree = "<group>"; };
		8B2A890F1B6E121C00180276 /* EnemyAttackerAdapter.h */ = {isa = PBXFileReference; fileEncoding = 4; lastKnownFileType = sourcecode.c.h; path = EnemyAttackerAdapter.h; sourceTree = "<group>"; };
		8B2A89101B6E121C00180276 /* EnemyAttackerAdapter.m */ = {isa = PBXFileReference; fileEncoding = 4; lastKnownFileType = sourcecode.c.objc; path = EnemyAttackerAdapter.m; sourceTree = "<group>"; };
		8B2A89121B6E12C000180276 /* PlayWithEnemy.h */ = {isa = PBXFileReference; fileEncoding = 4; lastKnownFileType = sourcecode.c.h; path = PlayWithEnemy.h; sourceTree = "<group>"; };
		8B2A89131B6E12C000180276 /* PlayWithEnemy.m */ = {isa = PBXFileReference; fileEncoding = 4; lastKnownFileType = sourcecode.c.objc; path = PlayWithEnemy.m; sourceTree = "<group>"; };
/* End PBXFileReference section */

/* Begin PBXFrameworksBuildPhase section */
		8B2A88F91B6E0D9800180276 /* Frameworks */ = {
			isa = PBXFrameworksBuildPhase;
			buildActionMask = 2147483647;
			files = (
			);
			runOnlyForDeploymentPostprocessing = 0;
		};
/* End PBXFrameworksBuildPhase section */

/* Begin PBXGroup section */
		8B2A88F31B6E0D9800180276 = {
			isa = PBXGroup;
			children = (
				8B2A88FE1B6E0D9800180276 /* Adpter */,
				8B2A88FD1B6E0D9800180276 /* Products */,
			);
			sourceTree = "<group>";
		};
		8B2A88FD1B6E0D9800180276 /* Products */ = {
			isa = PBXGroup;
			children = (
				8B2A88FC1B6E0D9800180276 /* Adpter */,
			);
			name = Products;
			sourceTree = "<group>";
		};
		8B2A88FE1B6E0D9800180276 /* Adpter */ = {
			isa = PBXGroup;
			children = (
				8B2A88FF1B6E0D9800180276 /* main.m */,
				8B2A89061B6E0DAB00180276 /* EnemyAttacker.h */,
				8B2A89071B6E0DAB00180276 /* EnemyAttacker.m */,
				8B2A89091B6E0ED700180276 /* EnemyTank.h */,
				8B2A890A1B6E0ED700180276 /* EnemyTank.m */,
				8B2A890F1B6E121C00180276 /* EnemyAttackerAdapter.h */,
				8B2A89101B6E121C00180276 /* EnemyAttackerAdapter.m */,
				8B2A890C1B6E107B00180276 /* EnemyRobot.h */,
				8B2A890D1B6E107B00180276 /* EnemyRobot.m */,
				8B2A89121B6E12C000180276 /* PlayWithEnemy.h */,
				8B2A89131B6E12C000180276 /* PlayWithEnemy.m */,
			);
			path = Adpter;
			sourceTree = "<group>";
		};
/* End PBXGroup section */

/* Begin PBXNativeTarget section */
		8B2A88FB1B6E0D9800180276 /* Adpter */ = {
			isa = PBXNativeTarget;
			buildConfigurationList = 8B2A89031B6E0D9800180276 /* Build configuration list for PBXNativeTarget "Adpter" */;
			buildPhases = (
				8B2A88F81B6E0D9800180276 /* Sources */,
				8B2A88F91B6E0D9800180276 /* Frameworks */,
				8B2A88FA1B6E0D9800180276 /* CopyFiles */,
			);
			buildRules = (
			);
			dependencies = (
			);
			name = Adpter;
			productName = Adpter;
			productReference = 8B2A88FC1B6E0D9800180276 /* Adpter */;
			productType = "com.apple.product-type.tool";
		};
/* End PBXNativeTarget section */

/* Begin PBXProject section */
		8B2A88F41B6E0D9800180276 /* Project object */ = {
			isa = PBXProject;
			attributes = {
				LastUpgradeCheck = 0640;
				ORGANIZATIONNAME = Adrian;
				TargetAttributes = {
					8B2A88FB1B6E0D9800180276 = {
						CreatedOnToolsVersion = 6.4;
					};
				};
			};
			buildConfigurationList = 8B2A88F71B6E0D9800180276 /* Build configuration list for PBXProject "Adpter" */;
			compatibilityVersion = "Xcode 3.2";
			developmentRegion = English;
			hasScannedForEncodings = 0;
			knownRegions = (
				en,
			);
			mainGroup = 8B2A88F31B6E0D9800180276;
			productRefGroup = 8B2A88FD1B6E0D9800180276 /* Products */;
			projectDirPath = "";
			projectRoot = "";
			targets = (
				8B2A88FB1B6E0D9800180276 /* Adpter */,
			);
		};
/* End PBXProject section */

/* Begin PBXSourcesBuildPhase section */
		8B2A88F81B6E0D9800180276 /* Sources */ = {
			isa = PBXSourcesBuildPhase;
			buildActionMask = 2147483647;
			files = (
				8B2A89001B6E0D9800180276 /* main.m in Sources */,
				8B2A89081B6E0DAB00180276 /* EnemyAttacker.m in Sources */,
				8B2A89141B6E12C000180276 /* PlayWithEnemy.m in Sources */,
				8B2A890B1B6E0ED700180276 /* EnemyTank.m in Sources */,
				8B2A890E1B6E107B00180276 /* EnemyRobot.m in Sources */,
				8B2A89111B6E121C00180276 /* EnemyAttackerAdapter.m in Sources */,
			);
			runOnlyForDeploymentPostprocessing = 0;
		};
/* End PBXSourcesBuildPhase section */

/* Begin XCBuildConfiguration section */
		8B2A89011B6E0D9800180276 /* Debug */ = {
			isa = XCBuildConfiguration;
			buildSettings = {
				ALWAYS_SEARCH_USER_PATHS = NO;
				CLANG_CXX_LANGUAGE_STANDARD = "gnu++0x";
				CLANG_CXX_LIBRARY = "libc++";
				CLANG_ENABLE_MODULES = YES;
				CLANG_ENABLE_OBJC_ARC = YES;
				CLANG_WARN_BOOL_CONVERSION = YES;
				CLANG_WARN_CONSTANT_CONVERSION = YES;
				CLANG_WARN_DIRECT_OBJC_ISA_USAGE = YES_ERROR;
				CLANG_WARN_EMPTY_BODY = YES;
				CLANG_WARN_ENUM_CONVERSION = YES;
				CLANG_WARN_INT_CONVERSION = YES;
				CLANG_WARN_OBJC_ROOT_CLASS = YES_ERROR;
				CLANG_WARN_UNREACHABLE_CODE = YES;
				CLANG_WARN__DUPLICATE_METHOD_MATCH = YES;
				COPY_PHASE_STRIP = NO;
				DEBUG_INFORMATION_FORMAT = dwarf;
				ENABLE_STRICT_OBJC_MSGSEND = YES;
				GCC_C_LANGUAGE_STANDARD = gnu99;
				GCC_DYNAMIC_NO_PIC = NO;
				GCC_NO_COMMON_BLOCKS = YES;
				GCC_OPTIMIZATION_LEVEL = 0;
				GCC_PREPROCESSOR_DEFINITIONS = (
					"DEBUG=1",
					"$(inherited)",
				);
				GCC_SYMBOLS_PRIVATE_EXTERN = NO;
				GCC_WARN_64_TO_32_BIT_CONVERSION = YES;
				GCC_WARN_ABOUT_RETURN_TYPE = YES_ERROR;
				GCC_WARN_UNDECLARED_SELECTOR = YES;
				GCC_WARN_UNINITIALIZED_AUTOS = YES_AGGRESSIVE;
				GCC_WARN_UNUSED_FUNCTION = YES;
				GCC_WARN_UNUSED_VARIABLE = YES;
				MACOSX_DEPLOYMENT_TARGET = 10.10;
				MTL_ENABLE_DEBUG_INFO = YES;
				ONLY_ACTIVE_ARCH = YES;
				SDKROOT = macosx;
			};
			name = Debug;
		};
		8B2A89021B6E0D9800180276 /* Release */ = {
			isa = XCBuildConfiguration;
			buildSettings = {
				ALWAYS_SEARCH_USER_PATHS = NO;
				CLANG_CXX_LANGUAGE_STANDARD = "gnu++0x";
				CLANG_CXX_LIBRARY = "libc++";
				CLANG_ENABLE_MODULES = YES;
				CLANG_ENABLE_OBJC_ARC = YES;
				CLANG_WARN_BOOL_CONVERSION = YES;
				CLANG_WARN_CONSTANT_CONVERSION = YES;
				CLANG_WARN_DIRECT_OBJC_ISA_USAGE = YES_ERROR;
				CLANG_WARN_EMPTY_BODY = YES;
				CLANG_WARN_ENUM_CONVERSION = YES;
				CLANG_WARN_INT_CONVERSION = YES;
				CLANG_WARN_OBJC_ROOT_CLASS = YES_ERROR;
				CLANG_WARN_UNREACHABLE_CODE = YES;
				CLANG_WARN__DUPLICATE_METHOD_MATCH = YES;
				COPY_PHASE_STRIP = NO;
				DEBUG_INFORMATION_FORMAT = "dwarf-with-dsym";
				ENABLE_NS_ASSERTIONS = NO;
				ENABLE_STRICT_OBJC_MSGSEND = YES;
				GCC_C_LANGUAGE_STANDARD = gnu99;
				GCC_NO_COMMON_BLOCKS = YES;
				GCC_WARN_64_TO_32_BIT_CONVERSION = YES;
				GCC_WARN_ABOUT_RETURN_TYPE = YES_ERROR;
				GCC_WARN_UNDECLARED_SELECTOR = YES;
				GCC_WARN_UNINITIALIZED_AUTOS = YES_AGGRESSIVE;
				GCC_WARN_UNUSED_FUNCTION = YES;
				GCC_WARN_UNUSED_VARIABLE = YES;
				MACOSX_DEPLOYMENT_TARGET = 10.10;
				MTL_ENABLE_DEBUG_INFO = NO;
				SDKROOT = macosx;
			};
			name = Release;
		};
		8B2A89041B6E0D9800180276 /* Debug */ = {
			isa = XCBuildConfiguration;
			buildSettings = {
				PRODUCT_NAME = "$(TARGET_NAME)";
			};
			name = Debug;
		};
		8B2A89051B6E0D9800180276 /* Release */ = {
			isa = XCBuildConfiguration;
			buildSettings = {
				PRODUCT_NAME = "$(TARGET_NAME)";
			};
			name = Release;
		};
/* End XCBuildConfiguration section */

/* Begin XCConfigurationList section */
		8B2A88F71B6E0D9800180276 /* Build configuration list for PBXProject "Adpter" */ = {
			isa = XCConfigurationList;
			buildConfigurations = (
				8B2A89011B6E0D9800180276 /* Debug */,
				8B2A89021B6E0D9800180276 /* Release */,
			);
			defaultConfigurationIsVisible = 0;
			defaultConfigurationName = Release;
		};
		8B2A89031B6E0D9800180276 /* Build configuration list for PBXNativeTarget "Adpter" */ = {
			isa = XCConfigurationList;
			buildConfigurations = (
				8B2A89041B6E0D9800180276 /* Debug */,
				8B2A89051B6E0D9800180276 /* Release */,
			);
			defaultConfigurationIsVisible = 0;
		};
/* End XCConfigurationList section */
	};
	rootObject = 8B2A88F41B6E0D9800180276 /* Project object */;
}
